
Microsoft Visual Studio Solution File, Format Version 12.00
# Visual Studio 15
VisualStudioVersion = 15.0.28307.271
MinimumVisualStudioVersion = 10.0.40219.1
Project("{FAE04EC0-301F-11D3-BF4B-00C04F79EFBC}") = "sprin2_havaYolları", "sprin2_havaYolları\sprin2_havaYolları.csproj", "{2398BDE8-89D5-465D-9854-BBEC5738C80A}"
	ProjectSection(ProjectDependencies) = postProject
		{7E45F9AC-605D-4AA2-BA6B-2F7CC6F9D0C6} = {7E45F9AC-605D-4AA2-BA6B-2F7CC6F9D0C6}
	EndProjectSection
EndProject
Project("{FAE04EC0-301F-11D3-BF4B-00C04F79EFBC}") = "havaYollarıKutuphanesi", "havaYollarıKutuphanesi\havaYollarıKutuphanesi.csproj", "{7E45F9AC-605D-4AA2-BA6B-2F7CC6F9D0C6}"
EndProject
Global
	GlobalSection(SolutionConfigurationPlatforms) = preSolution
		Debug|Any CPU = Debug|Any CPU
		Release|Any CPU = Release|Any CPU
	EndGlobalSection
	GlobalSection(ProjectConfigurationPlatforms) = postSolution
		{2398BDE8-89D5-465D-9854-BBEC5738C80A}.Debug|Any CPU.ActiveCfg = Debug|Any CPU
		{2398BDE8-89D5-465D-9854-BBEC5738C80A}.Debug|Any CPU.Build.0 = Debug|Any CPU
		{2398BDE8-89D5-465D-9854-BBEC5738C80A}.Release|Any CPU.ActiveCfg = Release|Any CPU
		{2398BDE8-89D5-465D-9854-BBEC5738C80A}.Release|Any CPU.Build.0 = Release|Any CPU
		{7E45F9AC-605D-4AA2-BA6B-2F7CC6F9D0C6}.Debug|Any CPU.ActiveCfg = Debug|Any CPU
		{7E45F9AC-605D-4AA2-BA6B-2F7CC6F9D0C6}.Debug|Any CPU.Build.0 = Debug|Any CPU
		{7E45F9AC-605D-4AA2-BA6B-2F7CC6F9D0C6}.Release|Any CPU.ActiveCfg = Release|Any CPU
		{7E45F9AC-605D-4AA2-BA6B-2F7CC6F9D0C6}.Release|Any CPU.Build.0 = Release|Any CPU
	EndGlobalSection
	GlobalSection(SolutionProperties) = preSolution
		HideSolutionNode = FALSE
	EndGlobalSection
	GlobalSection(ExtensibilityGlobals) = postSolution
		SolutionGuid = {FD33B807-26CF-431D-970B-4A96B06FE6C9}
	EndGlobalSection
EndGlobal
